
Microsoft Visual Studio Solution File, Format Version 12.00
# Visual Studio Version 16
VisualStudioVersion = 16.0.32126.315
MinimumVisualStudioVersion = 10.0.40219.1
Project("{FAE04EC0-301F-11D3-BF4B-00C04F79EFBC}") = "BOL", "BOL\BOL.csproj", "{23D0FCAB-3C9B-4C17-8CAE-6BAD51DF5717}"
EndProject
Project("{FAE04EC0-301F-11D3-BF4B-00C04F79EFBC}") = "DAL", "DAL\DAL.csproj", "{ECF6312C-6B70-496E-8585-115C6D9D6F40}"
EndProject
Project("{FAE04EC0-301F-11D3-BF4B-00C04F79EFBC}") = "MobileStore", "MobileStore\MobileStore.csproj", "{5829E096-7A5A-4547-8F3C-F904AA63A947}"
EndProject
Global
	GlobalSection(SolutionConfigurationPlatforms) = preSolution
		Debug|Any CPU = Debug|Any CPU
		Release|Any CPU = Release|Any CPU
	EndGlobalSection
	GlobalSection(ProjectConfigurationPlatforms) = postSolution
		{23D0FCAB-3C9B-4C17-8CAE-6BAD51DF5717}.Debug|Any CPU.ActiveCfg = Debug|Any CPU
		{23D0FCAB-3C9B-4C17-8CAE-6BAD51DF5717}.Debug|Any CPU.Build.0 = Debug|Any CPU
		{23D0FCAB-3C9B-4C17-8CAE-6BAD51DF5717}.Release|Any CPU.ActiveCfg = Release|Any CPU
		{23D0FCAB-3C9B-4C17-8CAE-6BAD51DF5717}.Release|Any CPU.Build.0 = Release|Any CPU
		{ECF6312C-6B70-496E-8585-115C6D9D6F40}.Debug|Any CPU.ActiveCfg = Debug|Any CPU
		{ECF6312C-6B70-496E-8585-115C6D9D6F40}.Debug|Any CPU.Build.0 = Debug|Any CPU
		{ECF6312C-6B70-496E-8585-115C6D9D6F40}.Release|Any CPU.ActiveCfg = Release|Any CPU
		{ECF6312C-6B70-496E-8585-115C6D9D6F40}.Release|Any CPU.Build.0 = Release|Any CPU
		{5829E096-7A5A-4547-8F3C-F904AA63A947}.Debug|Any CPU.ActiveCfg = Debug|Any CPU
		{5829E096-7A5A-4547-8F3C-F904AA63A947}.Debug|Any CPU.Build.0 = Debug|Any CPU
		{5829E096-7A5A-4547-8F3C-F904AA63A947}.Release|Any CPU.ActiveCfg = Release|Any CPU
		{5829E096-7A5A-4547-8F3C-F904AA63A947}.Release|Any CPU.Build.0 = Release|Any CPU
	EndGlobalSection
	GlobalSection(SolutionProperties) = preSolution
		HideSolutionNode = FALSE
	EndGlobalSection
	GlobalSection(ExtensibilityGlobals) = postSolution
		SolutionGuid = {D37A7AE4-EB21-483A-978D-8930C83C118E}
	EndGlobalSection
EndGlobal
